
Microsoft Visual Studio Solution File, Format Version 12.00
# Visual Studio Version 17
VisualStudioVersion = 17.14.36301.6 d17.14
MinimumVisualStudioVersion = 10.0.40219.1
Project("{FAE04EC0-301F-11D3-BF4B-00C04F79EFBC}") = "TaskTrackerApi", "TaskTrackerApi\TaskTrackerApi.csproj", "{463C3A80-3B0E-453E-9854-64223167EFD3}"
EndProject
Global
	GlobalSection(SolutionConfigurationPlatforms) = preSolution
		Debug|Any CPU = Debug|Any CPU
		Release|Any CPU = Release|Any CPU
	EndGlobalSection
	GlobalSection(ProjectConfigurationPlatforms) = postSolution
		{463C3A80-3B0E-453E-9854-64223167EFD3}.Debug|Any CPU.ActiveCfg = Debug|Any CPU
		{463C3A80-3B0E-453E-9854-64223167EFD3}.Debug|Any CPU.Build.0 = Debug|Any CPU
		{463C3A80-3B0E-453E-9854-64223167EFD3}.Release|Any CPU.ActiveCfg = Release|Any CPU
		{463C3A80-3B0E-453E-9854-64223167EFD3}.Release|Any CPU.Build.0 = Release|Any CPU
	EndGlobalSection
	GlobalSection(SolutionProperties) = preSolution
		HideSolutionNode = FALSE
	EndGlobalSection
	GlobalSection(ExtensibilityGlobals) = postSolution
		SolutionGuid = {FA89C15E-98EB-41FB-9222-B6F69C4C8D1D}
	EndGlobalSection
EndGlobal
